<?xml version="1.0" encoding="utf-8"?>
<Project ToolsVersion="4.0" xmlns="http://schemas.microsoft.com/developer/msbuild/2003">
  <ItemGroup>
    <ClCompile Include="main.cpp" />
    <ClCompile Include="pch.cpp" />
    <ClCompile Include="WindowsRenderDevice.cpp">
      <Filter>mywinapi</Filter>
    </ClCompile>
    <ClCompile Include="WindowLoopManager.cpp">
      <Filter>mywinapi</Filter>
    </ClCompile>
    <ClCompile Include="WindowsDeviceContext.cpp">
      <Filter>mywinapi</Filter>
    </ClCompile>
    <ClCompile Include="WindowsObject.cpp">
      <Filter>mywinapi</Filter>
    </ClCompile>
    <ClCompile Include="Console.cpp">
      <Filter>console</Filter>
    </ClCompile>
    <ClCompile Include="BeatNoteSheet.cpp">
      <Filter>editor</Filter>
    </ClCompile>
  </ItemGroup>
  <ItemGroup>
    <ClInclude Include="pch.h" />
    <ClInclude Include="WindowsRenderDevice.h">
      <Filter>mywinapi</Filter>
    </ClInclude>
    <ClInclude Include="windefinclude.h">
      <Filter>mywinapi</Filter>
    </ClInclude>
    <ClInclude Include="WindowLoopManager.h">
      <Filter>mywinapi</Filter>
    </ClInclude>
    <ClInclude Include="WindowsDeviceContext.h">
      <Filter>mywinapi</Filter>
    </ClInclude>
    <ClInclude Include="WindowsObject.h">
      <Filter>mywinapi</Filter>
    </ClInclude>
    <ClInclude Include="Resource.h">
      <Filter>_un</Filter>
    </ClInclude>
    <ClInclude Include="Console.h">
      <Filter>console</Filter>
    </ClInclude>
    <ClInclude Include="BeatNoteSheet.h">
      <Filter>editor</Filter>
    </ClInclude>
  </ItemGroup>
  <ItemGroup>
    <Filter Include="mywinapi">
      <UniqueIdentifier>{d6eb783c-3cf6-4d62-8552-85abb2511fec}</UniqueIdentifier>
    </Filter>
    <Filter Include="_un">
      <UniqueIdentifier>{9899b616-8391-44bd-ae62-ef894dc14241}</UniqueIdentifier>
    </Filter>
    <Filter Include="console">
      <UniqueIdentifier>{180d6b22-1cce-4a97-af3f-e7ba036312a2}</UniqueIdentifier>
    </Filter>
    <Filter Include="editor">
      <UniqueIdentifier>{dd8c47ee-2fc4-4c52-9423-92c6232e6c7a}</UniqueIdentifier>
    </Filter>
  </ItemGroup>
  <ItemGroup>
    <None Include="ptrutiliy.hpp">
      <Filter>mywinapi</Filter>
    </None>
  </ItemGroup>
  <ItemGroup>
    <Image Include="icon.ico">
      <Filter>_un</Filter>
    </Image>
    <Image Include="icon_small.ico">
      <Filter>_un</Filter>
    </Image>
  </ItemGroup>
  <ItemGroup>
    <ResourceCompile Include="rc.rc">
      <Filter>_un</Filter>
    </ResourceCompile>
  </ItemGroup>
</Project>