<?xml version="1.0" encoding="utf-8"?>
<Project ToolsVersion="4.0" xmlns="http://schemas.microsoft.com/developer/msbuild/2003">
  <ItemGroup>
    <Filter Include="리소스 파일">
      <UniqueIdentifier>{67DA6AB6-F800-4c08-8B7A-83BB121AAD01}</UniqueIdentifier>
      <Extensions>rc;ico;cur;bmp;dlg;rc2;rct;bin;rgs;gif;jpg;jpeg;jpe;resx;tiff;tif;png;wav;mfcribbon-ms</Extensions>
    </Filter>
    <Filter Include="__sound_device">
      <UniqueIdentifier>{faaed97e-0f9e-4591-a9f0-771c90a33f14}</UniqueIdentifier>
    </Filter>
  </ItemGroup>
  <ItemGroup>
    <ClInclude Include="Resource.h">
      <Filter>리소스 파일</Filter>
    </ClInclude>
    <ClInclude Include="WindowLoopManager.h" />
    <ClInclude Include="mywinapi.h" />
    <ClInclude Include="pch.h" />
    <ClInclude Include="SheetData.h" />
    <ClInclude Include="SoundDevice.h">
      <Filter>__sound_device</Filter>
    </ClInclude>
  </ItemGroup>
  <ItemGroup>
    <ClCompile Include="main.cpp" />
    <ClCompile Include="WindowLoopManager.cpp" />
    <ClCompile Include="mywinapi.cpp" />
    <ClCompile Include="pch.cpp" />
    <ClCompile Include="SheetData.cpp" />
    <ClCompile Include="SoundChannel.cpp">
      <Filter>__sound_device</Filter>
    </ClCompile>
    <ClCompile Include="SoundDevice.cpp">
      <Filter>__sound_device</Filter>
    </ClCompile>
  </ItemGroup>
  <ItemGroup>
    <ResourceCompile Include="editor.rc">
      <Filter>리소스 파일</Filter>
    </ResourceCompile>
  </ItemGroup>
  <ItemGroup>
    <Image Include="small.ico">
      <Filter>리소스 파일</Filter>
    </Image>
    <Image Include="editor.ico">
      <Filter>리소스 파일</Filter>
    </Image>
  </ItemGroup>
</Project>